
Microsoft Visual Studio Solution File, Format Version 12.00
# Visual Studio Version 17
VisualStudioVersion = 17.6.33723.286
MinimumVisualStudioVersion = 10.0.40219.1
Project("{9A19103F-16F7-4668-BE54-9A1E7A4F7556}") = "Taskhamut", "Taskhamut\Taskhamut.csproj", "{671AD34E-53D7-4155-9E3A-A862E07F5358}"
EndProject
Project("{9A19103F-16F7-4668-BE54-9A1E7A4F7556}") = "Taskhamut.Core", "Taskhamut.Core\Taskhamut.Core.csproj", "{1CC032B0-E87F-45F4-85AC-A3AC29437A4A}"
EndProject
Project("{2150E333-8FDC-42A3-9474-1A3956D46DE8}") = "Solution Items", "Solution Items", "{9DDF5C45-A14D-4653-BF37-01551070DCA6}"
	ProjectSection(SolutionItems) = preProject
		.editorconfig = .editorconfig
	EndProjectSection
EndProject
Global
	GlobalSection(SolutionConfigurationPlatforms) = preSolution
		Debug|Any CPU = Debug|Any CPU
		Debug|arm64 = Debug|arm64
		Debug|x64 = Debug|x64
		Debug|x86 = Debug|x86
		Release|Any CPU = Release|Any CPU
		Release|arm64 = Release|arm64
		Release|x64 = Release|x64
		Release|x86 = Release|x86
	EndGlobalSection
	GlobalSection(ProjectConfigurationPlatforms) = postSolution
		{671AD34E-53D7-4155-9E3A-A862E07F5358}.Debug|Any CPU.ActiveCfg = Debug|x64
		{671AD34E-53D7-4155-9E3A-A862E07F5358}.Debug|Any CPU.Build.0 = Debug|x64
		{671AD34E-53D7-4155-9E3A-A862E07F5358}.Debug|Any CPU.Deploy.0 = Debug|x64
		{671AD34E-53D7-4155-9E3A-A862E07F5358}.Debug|arm64.ActiveCfg = Debug|arm64
		{671AD34E-53D7-4155-9E3A-A862E07F5358}.Debug|arm64.Build.0 = Debug|arm64
		{671AD34E-53D7-4155-9E3A-A862E07F5358}.Debug|arm64.Deploy.0 = Debug|arm64
		{671AD34E-53D7-4155-9E3A-A862E07F5358}.Debug|x64.ActiveCfg = Debug|x64
		{671AD34E-53D7-4155-9E3A-A862E07F5358}.Debug|x64.Build.0 = Debug|x64
		{671AD34E-53D7-4155-9E3A-A862E07F5358}.Debug|x64.Deploy.0 = Debug|x64
		{671AD34E-53D7-4155-9E3A-A862E07F5358}.Debug|x86.ActiveCfg = Debug|x86
		{671AD34E-53D7-4155-9E3A-A862E07F5358}.Debug|x86.Build.0 = Debug|x86
		{671AD34E-53D7-4155-9E3A-A862E07F5358}.Debug|x86.Deploy.0 = Debug|x86
		{671AD34E-53D7-4155-9E3A-A862E07F5358}.Release|Any CPU.ActiveCfg = Release|x64
		{671AD34E-53D7-4155-9E3A-A862E07F5358}.Release|Any CPU.Build.0 = Release|x64
		{671AD34E-53D7-4155-9E3A-A862E07F5358}.Release|Any CPU.Deploy.0 = Release|x64
		{671AD34E-53D7-4155-9E3A-A862E07F5358}.Release|arm64.ActiveCfg = Release|arm64
		{671AD34E-53D7-4155-9E3A-A862E07F5358}.Release|arm64.Build.0 = Release|arm64
		{671AD34E-53D7-4155-9E3A-A862E07F5358}.Release|arm64.Deploy.0 = Release|arm64
		{671AD34E-53D7-4155-9E3A-A862E07F5358}.Release|x64.ActiveCfg = Release|x64
		{671AD34E-53D7-4155-9E3A-A862E07F5358}.Release|x64.Build.0 = Release|x64
		{671AD34E-53D7-4155-9E3A-A862E07F5358}.Release|x64.Deploy.0 = Release|x64
		{671AD34E-53D7-4155-9E3A-A862E07F5358}.Release|x86.ActiveCfg = Release|x86
		{671AD34E-53D7-4155-9E3A-A862E07F5358}.Release|x86.Build.0 = Release|x86
		{671AD34E-53D7-4155-9E3A-A862E07F5358}.Release|x86.Deploy.0 = Release|x86
		{1CC032B0-E87F-45F4-85AC-A3AC29437A4A}.Debug|Any CPU.ActiveCfg = Debug|Any CPU
		{1CC032B0-E87F-45F4-85AC-A3AC29437A4A}.Debug|Any CPU.Build.0 = Debug|Any CPU
		{1CC032B0-E87F-45F4-85AC-A3AC29437A4A}.Debug|arm64.ActiveCfg = Debug|arm64
		{1CC032B0-E87F-45F4-85AC-A3AC29437A4A}.Debug|arm64.Build.0 = Debug|arm64
		{1CC032B0-E87F-45F4-85AC-A3AC29437A4A}.Debug|x64.ActiveCfg = Debug|x64
		{1CC032B0-E87F-45F4-85AC-A3AC29437A4A}.Debug|x64.Build.0 = Debug|x64
		{1CC032B0-E87F-45F4-85AC-A3AC29437A4A}.Debug|x86.ActiveCfg = Debug|x86
		{1CC032B0-E87F-45F4-85AC-A3AC29437A4A}.Debug|x86.Build.0 = Debug|x86
		{1CC032B0-E87F-45F4-85AC-A3AC29437A4A}.Release|Any CPU.ActiveCfg = Release|Any CPU
		{1CC032B0-E87F-45F4-85AC-A3AC29437A4A}.Release|Any CPU.Build.0 = Release|Any CPU
		{1CC032B0-E87F-45F4-85AC-A3AC29437A4A}.Release|arm64.ActiveCfg = Release|arm64
		{1CC032B0-E87F-45F4-85AC-A3AC29437A4A}.Release|arm64.Build.0 = Release|arm64
		{1CC032B0-E87F-45F4-85AC-A3AC29437A4A}.Release|x64.ActiveCfg = Release|x64
		{1CC032B0-E87F-45F4-85AC-A3AC29437A4A}.Release|x64.Build.0 = Release|x64
		{1CC032B0-E87F-45F4-85AC-A3AC29437A4A}.Release|x86.ActiveCfg = Release|x86
		{1CC032B0-E87F-45F4-85AC-A3AC29437A4A}.Release|x86.Build.0 = Release|x86
	EndGlobalSection
	GlobalSection(SolutionProperties) = preSolution
		HideSolutionNode = FALSE
	EndGlobalSection
	GlobalSection(ExtensibilityGlobals) = postSolution
		SolutionGuid = {8C395303-96D1-4B25-A7E3-94E50D470A95}
	EndGlobalSection
EndGlobal
